
Microsoft Visual Studio Solution File, Format Version 12.00
# Visual Studio Version 16
VisualStudioVersion = 16.0.31025.194
MinimumVisualStudioVersion = 10.0.40219.1
Project("{9A19103F-16F7-4668-BE54-9A1E7A4F7556}") = "ObjectPatcher", "src\ObjectPatcher\ObjectPatcher.csproj", "{84DF4F80-97F7-420B-9060-E66910D40A0F}"
EndProject
Project("{2150E333-8FDC-42A3-9474-1A3956D46DE8}") = "Solution Items", "Solution Items", "{27C0DE42-6DAF-4B44-B19D-42880614B8BD}"
	ProjectSection(SolutionItems) = preProject
		README.md = README.md
	EndProjectSection
EndProject
Project("{2150E333-8FDC-42A3-9474-1A3956D46DE8}") = "Tests", "Tests", "{2DD38859-8E81-4D47-AD62-7662EE2AB27C}"
EndProject
Project("{9A19103F-16F7-4668-BE54-9A1E7A4F7556}") = "ObjectPatcher.Tests", "Tests\ObjectPatcher.Tests\ObjectPatcher.Tests.csproj", "{0B567D27-2E8C-441D-81A9-B593668796C2}"
EndProject
Project("{9A19103F-16F7-4668-BE54-9A1E7A4F7556}") = "ObjectPatcher.Common.Test.Framework", "src\ObjectPatcher.Common.Test.Framework\ObjectPatcher.Common.Test.Framework.csproj", "{BCA4BC95-C637-483E-B127-989D8854057C}"
EndProject
Global
	GlobalSection(SolutionConfigurationPlatforms) = preSolution
		Debug|Any CPU = Debug|Any CPU
		Release|Any CPU = Release|Any CPU
	EndGlobalSection
	GlobalSection(ProjectConfigurationPlatforms) = postSolution
		{84DF4F80-97F7-420B-9060-E66910D40A0F}.Debug|Any CPU.ActiveCfg = Debug|Any CPU
		{84DF4F80-97F7-420B-9060-E66910D40A0F}.Debug|Any CPU.Build.0 = Debug|Any CPU
		{84DF4F80-97F7-420B-9060-E66910D40A0F}.Release|Any CPU.ActiveCfg = Release|Any CPU
		{84DF4F80-97F7-420B-9060-E66910D40A0F}.Release|Any CPU.Build.0 = Release|Any CPU
		{0B567D27-2E8C-441D-81A9-B593668796C2}.Debug|Any CPU.ActiveCfg = Debug|Any CPU
		{0B567D27-2E8C-441D-81A9-B593668796C2}.Debug|Any CPU.Build.0 = Debug|Any CPU
		{0B567D27-2E8C-441D-81A9-B593668796C2}.Release|Any CPU.ActiveCfg = Release|Any CPU
		{0B567D27-2E8C-441D-81A9-B593668796C2}.Release|Any CPU.Build.0 = Release|Any CPU
		{BCA4BC95-C637-483E-B127-989D8854057C}.Debug|Any CPU.ActiveCfg = Debug|Any CPU
		{BCA4BC95-C637-483E-B127-989D8854057C}.Debug|Any CPU.Build.0 = Debug|Any CPU
		{BCA4BC95-C637-483E-B127-989D8854057C}.Release|Any CPU.ActiveCfg = Release|Any CPU
		{BCA4BC95-C637-483E-B127-989D8854057C}.Release|Any CPU.Build.0 = Release|Any CPU
	EndGlobalSection
	GlobalSection(SolutionProperties) = preSolution
		HideSolutionNode = FALSE
	EndGlobalSection
	GlobalSection(NestedProjects) = preSolution
		{0B567D27-2E8C-441D-81A9-B593668796C2} = {2DD38859-8E81-4D47-AD62-7662EE2AB27C}
	EndGlobalSection
	GlobalSection(ExtensibilityGlobals) = postSolution
		SolutionGuid = {1E78184F-5695-4671-8575-1AE17832F6EE}
	EndGlobalSection
EndGlobal
